
Microsoft Visual Studio Solution File, Format Version 12.00
# Visual Studio Version 17
VisualStudioVersion = 17.5.002.0
MinimumVisualStudioVersion = 10.0.40219.1
Project("{9A19103F-16F7-4668-BE54-9A1E7A4F7556}") = "Koleksiyonlar Soru-2", "Koleksiyonlar Soru-2.csproj", "{4AE504F8-71FE-4DBB-A480-7F62FA8A7712}"
EndProject
Global
	GlobalSection(SolutionConfigurationPlatforms) = preSolution
		Debug|Any CPU = Debug|Any CPU
		Release|Any CPU = Release|Any CPU
	EndGlobalSection
	GlobalSection(ProjectConfigurationPlatforms) = postSolution
		{4AE504F8-71FE-4DBB-A480-7F62FA8A7712}.Debug|Any CPU.ActiveCfg = Debug|Any CPU
		{4AE504F8-71FE-4DBB-A480-7F62FA8A7712}.Debug|Any CPU.Build.0 = Debug|Any CPU
		{4AE504F8-71FE-4DBB-A480-7F62FA8A7712}.Release|Any CPU.ActiveCfg = Release|Any CPU
		{4AE504F8-71FE-4DBB-A480-7F62FA8A7712}.Release|Any CPU.Build.0 = Release|Any CPU
	EndGlobalSection
	GlobalSection(SolutionProperties) = preSolution
		HideSolutionNode = FALSE
	EndGlobalSection
	GlobalSection(ExtensibilityGlobals) = postSolution
		SolutionGuid = {87CB9448-23E6-48BF-B33F-F8B63CDB92C3}
	EndGlobalSection
EndGlobal
